// !$*UTF8*$!
{
	archiveVersion = 1;
	classes = {
	};
	objectVersion = 46;
	objects = {

/* Begin PBXBuildFile section */
		F1CDB1811CF5B5BF007D1108 /* AppDelegate.swift in Sources */ = {isa = PBXBuildFile; fileRef = F1CDB1801CF5B5BF007D1108 /* AppDelegate.swift */; };
		F1CDB1831CF5B5BF007D1108 /* ViewController.swift in Sources */ = {isa = PBXBuildFile; fileRef = F1CDB1821CF5B5BF007D1108 /* ViewController.swift */; };
		F1CDB1861CF5B5BF007D1108 /* Main.storyboard in Resources */ = {isa = PBXBuildFile; fileRef = F1CDB1841CF5B5BF007D1108 /* Main.storyboard */; };
		F1CDB1891CF5B5BF007D1108 /* countgit.xcdatamodeld in Sources */ = {isa = PBXBuildFile; fileRef = F1CDB1871CF5B5BF007D1108 /* countgit.xcdatamodeld */; };
		F1CDB18B1CF5B5BF007D1108 /* Assets.xcassets in Resources */ = {isa = PBXBuildFile; fileRef = F1CDB18A1CF5B5BF007D1108 /* Assets.xcassets */; };
		F1CDB18E1CF5B5BF007D1108 /* LaunchScreen.storyboard in Resources */ = {isa = PBXBuildFile; fileRef = F1CDB18C1CF5B5BF007D1108 /* LaunchScreen.storyboard */; };
/* End PBXBuildFile section */

/* Begin PBXFileReference section */
		F1CDB17D1CF5B5BF007D1108 /* countgit.app */ = {isa = PBXFileReference; explicitFileType = wrapper.application; includeInIndex = 0; path = countgit.app; sourceTree = BUILT_PRODUCTS_DIR; };
		F1CDB1801CF5B5BF007D1108 /* AppDelegate.swift */ = {isa = PBXFileReference; lastKnownFileType = sourcecode.swift; path = AppDelegate.swift; sourceTree = "<group>"; };
		F1CDB1821CF5B5BF007D1108 /* ViewController.swift */ = {isa = PBXFileReference; lastKnownFileType = sourcecode.swift; path = ViewController.swift; sourceTree = "<group>"; };
		F1CDB1851CF5B5BF007D1108 /* Base */ = {isa = PBXFileReference; lastKnownFileType = file.storyboard; name = Base; path = Base.lproj/Main.storyboard; sourceTree = "<group>"; };
		F1CDB1881CF5B5BF007D1108 /* countgit.xcdatamodel */ = {isa = PBXFileReference; lastKnownFileType = wrapper.xcdatamodel; path = countgit.xcdatamodel; sourceTree = "<group>"; };
		F1CDB18A1CF5B5BF007D1108 /* Assets.xcassets */ = {isa = PBXFileReference; lastKnownFileType = folder.assetcatalog; path = Assets.xcassets; sourceTree = "<group>"; };
		F1CDB18D1CF5B5BF007D1108 /* Base */ = {isa = PBXFileReference; lastKnownFileType = file.storyboard; name = Base; path = Base.lproj/LaunchScreen.storyboard; sourceTree = "<group>"; };
		F1CDB18F1CF5B5BF007D1108 /* Info.plist */ = {isa = PBXFileReference; lastKnownFileType = text.plist.xml; path = Info.plist; sourceTree = "<group>"; };
/* End PBXFileReference section */

/* Begin PBXFrameworksBuildPhase section */
		F1CDB17A1CF5B5BF007D1108 /* Frameworks */ = {
			isa = PBXFrameworksBuildPhase;
			buildActionMask = 2147483647;
			files = (
			);
			runOnlyForDeploymentPostprocessing = 0;
		};
/* End PBXFrameworksBuildPhase section */

/* Begin PBXGroup section */
		F1CDB1741CF5B5BF007D1108 = {
			isa = PBXGroup;
			children = (
				F1CDB17F1CF5B5BF007D1108 /* countgit */,
				F1CDB17E1CF5B5BF007D1108 /* Products */,
			);
			sourceTree = "<group>";
		};
		F1CDB17E1CF5B5BF007D1108 /* Products */ = {
			isa = PBXGroup;
			children = (
				F1CDB17D1CF5B5BF007D1108 /* countgit.app */,
			);
			name = Products;
			sourceTree = "<group>";
		};
		F1CDB17F1CF5B5BF007D1108 /* countgit */ = {
			isa = PBXGroup;
			children = (
				F1CDB1801CF5B5BF007D1108 /* AppDelegate.swift */,
				F1CDB1821CF5B5BF007D1108 /* ViewController.swift */,
				F1CDB1841CF5B5BF007D1108 /* Main.storyboard */,
				F1CDB18A1CF5B5BF007D1108 /* Assets.xcassets */,
				F1CDB18C1CF5B5BF007D1108 /* LaunchScreen.storyboard */,
				F1CDB18F1CF5B5BF007D1108 /* Info.plist */,
				F1CDB1871CF5B5BF007D1108 /* countgit.xcdatamodeld */,
			);
			path = countgit;
			sourceTree = "<group>";
		};
/* End PBXGroup section */

/* Begin PBXNativeTarget section */
		F1CDB17C1CF5B5BF007D1108 /* countgit */ = {
			isa = PBXNativeTarget;
			buildConfigurationList = F1CDB1921CF5B5BF007D1108 /* Build configuration list for PBXNativeTarget "countgit" */;
			buildPhases = (
				F1CDB1791CF5B5BF007D1108 /* Sources */,
				F1CDB17A1CF5B5BF007D1108 /* Frameworks */,
				F1CDB17B1CF5B5BF007D1108 /* Resources */,
			);
			buildRules = (
			);
			dependencies = (
			);
			name = countgit;
			productName = countgit;
			productReference = F1CDB17D1CF5B5BF007D1108 /* countgit.app */;
			productType = "com.apple.product-type.application";
		};
/* End PBXNativeTarget section */

/* Begin PBXProject section */
		F1CDB1751CF5B5BF007D1108 /* Project object */ = {
			isa = PBXProject;
			attributes = {
				LastSwiftUpdateCheck = 0730;
				LastUpgradeCheck = 0730;
				ORGANIZATIONNAME = "新井山詠斗";
				TargetAttributes = {
					F1CDB17C1CF5B5BF007D1108 = {
						CreatedOnToolsVersion = 7.3.1;
						DevelopmentTeam = W92SXP54MW;
					};
				};
			};
			buildConfigurationList = F1CDB1781CF5B5BF007D1108 /* Build configuration list for PBXProject "countgit" */;
			compatibilityVersion = "Xcode 3.2";
			developmentRegion = English;
			hasScannedForEncodings = 0;
			knownRegions = (
				en,
				Base,
			);
			mainGroup = F1CDB1741CF5B5BF007D1108;
			productRefGroup = F1CDB17E1CF5B5BF007D1108 /* Products */;
			projectDirPath = "";
			projectRoot = "";
			targets = (
				F1CDB17C1CF5B5BF007D1108 /* countgit */,
			);
		};
/* End PBXProject section */

/* Begin PBXResourcesBuildPhase section */
		F1CDB17B1CF5B5BF007D1108 /* Resources */ = {
			isa = PBXResourcesBuildPhase;
			buildActionMask = 2147483647;
			files = (
				F1CDB18E1CF5B5BF007D1108 /* LaunchScreen.storyboard in Resources */,
				F1CDB18B1CF5B5BF007D1108 /* Assets.xcassets in Resources */,
				F1CDB1861CF5B5BF007D1108 /* Main.storyboard in Resources */,
			);
			runOnlyForDeploymentPostprocessing = 0;
		};
/* End PBXResourcesBuildPhase section */

/* Begin PBXSourcesBuildPhase section */
		F1CDB1791CF5B5BF007D1108 /* Sources */ = {
			isa = PBXSourcesBuildPhase;
			buildActionMask = 2147483647;
			files = (
				F1CDB1891CF5B5BF007D1108 /* countgit.xcdatamodeld in Sources */,
				F1CDB1831CF5B5BF007D1108 /* ViewController.swift in Sources */,
				F1CDB1811CF5B5BF007D1108 /* AppDelegate.swift in Sources */,
			);
			runOnlyForDeploymentPostprocessing = 0;
		};
/* End PBXSourcesBuildPhase section */

/* Begin PBXVariantGroup section */
		F1CDB1841CF5B5BF007D1108 /* Main.storyboard */ = {
			isa = PBXVariantGroup;
			children = (
				F1CDB1851CF5B5BF007D1108 /* Base */,
			);
			name = Main.storyboard;
			sourceTree = "<group>";
		};
		F1CDB18C1CF5B5BF007D1108 /* LaunchScreen.storyboard */ = {
			isa = PBXVariantGroup;
			children = (
				F1CDB18D1CF5B5BF007D1108 /* Base */,
			);
			name = LaunchScreen.storyboard;
			sourceTree = "<group>";
		};
/* End PBXVariantGroup section */

/* Begin XCBuildConfiguration section */
		F1CDB1901CF5B5BF007D1108 /* Debug */ = {
			isa = XCBuildConfiguration;
			buildSettings = {
				ALWAYS_SEARCH_USER_PATHS = NO;
				CLANG_ANALYZER_NONNULL = YES;
				CLANG_CXX_LANGUAGE_STANDARD = "gnu++0x";
				CLANG_CXX_LIBRARY = "libc++";
				CLANG_ENABLE_MODULES = YES;
				CLANG_ENABLE_OBJC_ARC = YES;
				CLANG_WARN_BOOL_CONVERSION = YES;
				CLANG_WARN_CONSTANT_CONVERSION = YES;
				CLANG_WARN_DIRECT_OBJC_ISA_USAGE = YES_ERROR;
				CLANG_WARN_EMPTY_BODY = YES;
				CLANG_WARN_ENUM_CONVERSION = YES;
				CLANG_WARN_INT_CONVERSION = YES;
				CLANG_WARN_OBJC_ROOT_CLASS = YES_ERROR;
				CLANG_WARN_UNREACHABLE_CODE = YES;
				CLANG_WARN__DUPLICATE_METHOD_MATCH = YES;
				"CODE_SIGN_IDENTITY[sdk=iphoneos*]" = "iPhone Developer";
				COPY_PHASE_STRIP = NO;
				DEBUG_INFORMATION_FORMAT = dwarf;
				ENABLE_STRICT_OBJC_MSGSEND = YES;
				ENABLE_TESTABILITY = YES;
				GCC_C_LANGUAGE_STANDARD = gnu99;
				GCC_DYNAMIC_NO_PIC = NO;
				GCC_NO_COMMON_BLOCKS = YES;
				GCC_OPTIMIZATION_LEVEL = 0;
				GCC_PREPROCESSOR_DEFINITIONS = (
					"DEBUG=1",
					"$(inherited)",
				);
				GCC_WARN_64_TO_32_BIT_CONVERSION = YES;
				GCC_WARN_ABOUT_RETURN_TYPE = YES_ERROR;
				GCC_WARN_UNDECLARED_SELECTOR = YES;
				GCC_WARN_UNINITIALIZED_AUTOS = YES_AGGRESSIVE;
				GCC_WARN_UNUSED_FUNCTION = YES;
				GCC_WARN_UNUSED_VARIABLE = YES;
				IPHONEOS_DEPLOYMENT_TARGET = 9.3;
				MTL_ENABLE_DEBUG_INFO = YES;
				ONLY_ACTIVE_ARCH = YES;
				SDKROOT = iphoneos;
				SWIFT_OPTIMIZATION_LEVEL = "-Onone";
			};
			name = Debug;
		};
		F1CDB1911CF5B5BF007D1108 /* Release */ = {
			isa = XCBuildConfiguration;
			buildSettings = {
				ALWAYS_SEARCH_USER_PATHS = NO;
				CLANG_ANALYZER_NONNULL = YES;
				CLANG_CXX_LANGUAGE_STANDARD = "gnu++0x";
				CLANG_CXX_LIBRARY = "libc++";
				CLANG_ENABLE_MODULES = YES;
				CLANG_ENABLE_OBJC_ARC = YES;
				CLANG_WARN_BOOL_CONVERSION = YES;
				CLANG_WARN_CONSTANT_CONVERSION = YES;
				CLANG_WARN_DIRECT_OBJC_ISA_USAGE = YES_ERROR;
				CLANG_WARN_EMPTY_BODY = YES;
				CLANG_WARN_ENUM_CONVERSION = YES;
				CLANG_WARN_INT_CONVERSION = YES;
				CLANG_WARN_OBJC_ROOT_CLASS = YES_ERROR;
				CLANG_WARN_UNREACHABLE_CODE = YES;
				CLANG_WARN__DUPLICATE_METHOD_MATCH = YES;
				"CODE_SIGN_IDENTITY[sdk=iphoneos*]" = "iPhone Developer";
				COPY_PHASE_STRIP = NO;
				DEBUG_INFORMATION_FORMAT = "dwarf-with-dsym";
				ENABLE_NS_ASSERTIONS = NO;
				ENABLE_STRICT_OBJC_MSGSEND = YES;
				GCC_C_LANGUAGE_STANDARD = gnu99;
				GCC_NO_COMMON_BLOCKS = YES;
				GCC_WARN_64_TO_32_BIT_CONVERSION = YES;
				GCC_WARN_ABOUT_RETURN_TYPE = YES_ERROR;
				GCC_WARN_UNDECLARED_SELECTOR = YES;
				GCC_WARN_UNINITIALIZED_AUTOS = YES_AGGRESSIVE;
				GCC_WARN_UNUSED_FUNCTION = YES;
				GCC_WARN_UNUSED_VARIABLE = YES;
				IPHONEOS_DEPLOYMENT_TARGET = 9.3;
				MTL_ENABLE_DEBUG_INFO = NO;
				SDKROOT = iphoneos;
				VALIDATE_PRODUCT = YES;
			};
			name = Release;
		};
		F1CDB1931CF5B5BF007D1108 /* Debug */ = {
			isa = XCBuildConfiguration;
			buildSettings = {
				ASSETCATALOG_COMPILER_APPICON_NAME = AppIcon;
				INFOPLIST_FILE = countgit/Info.plist;
				LD_RUNPATH_SEARCH_PATHS = "$(inherited) @executable_path/Frameworks";
				PRODUCT_BUNDLE_IDENTIFIER = mac.countgit;
				PRODUCT_NAME = "$(TARGET_NAME)";
			};
			name = Debug;
		};
		F1CDB1941CF5B5BF007D1108 /* Release */ = {
			isa = XCBuildConfiguration;
			buildSettings = {
				ASSETCATALOG_COMPILER_APPICON_NAME = AppIcon;
				INFOPLIST_FILE = countgit/Info.plist;
				LD_RUNPATH_SEARCH_PATHS = "$(inherited) @executable_path/Frameworks";
				PRODUCT_BUNDLE_IDENTIFIER = mac.countgit;
				PRODUCT_NAME = "$(TARGET_NAME)";
			};
			name = Release;
		};
/* End XCBuildConfiguration section */

/* Begin XCConfigurationList section */
		F1CDB1781CF5B5BF007D1108 /* Build configuration list for PBXProject "countgit" */ = {
			isa = XCConfigurationList;
			buildConfigurations = (
				F1CDB1901CF5B5BF007D1108 /* Debug */,
				F1CDB1911CF5B5BF007D1108 /* Release */,
			);
			defaultConfigurationIsVisible = 0;
			defaultConfigurationName = Release;
		};
		F1CDB1921CF5B5BF007D1108 /* Build configuration list for PBXNativeTarget "countgit" */ = {
			isa = XCConfigurationList;
			buildConfigurations = (
				F1CDB1931CF5B5BF007D1108 /* Debug */,
				F1CDB1941CF5B5BF007D1108 /* Release */,
			);
			defaultConfigurationIsVisible = 0;
		};
/* End XCConfigurationList section */

/* Begin XCVersionGroup section */
		F1CDB1871CF5B5BF007D1108 /* countgit.xcdatamodeld */ = {
			isa = XCVersionGroup;
			children = (
				F1CDB1881CF5B5BF007D1108 /* countgit.xcdatamodel */,
			);
			currentVersion = F1CDB1881CF5B5BF007D1108 /* countgit.xcdatamodel */;
			path = countgit.xcdatamodeld;
			sourceTree = "<group>";
			versionGroupType = wrapper.xcdatamodel;
		};
/* End XCVersionGroup section */
	};
	rootObject = F1CDB1751CF5B5BF007D1108 /* Project object */;
}
